
Microsoft Visual Studio Solution File, Format Version 12.00
# Visual Studio 15
VisualStudioVersion = 15.0.26228.9
MinimumVisualStudioVersion = 10.0.40219.1
Project("{FAE04EC0-301F-11D3-BF4B-00C04F79EFBC}") = "ServidorCore", "ServidorCore\ServidorCore.csproj", "{1684CA50-C181-4396-B92C-9A6098798DCD}"
EndProject
Project("{FAE04EC0-301F-11D3-BF4B-00C04F79EFBC}") = "CapaPresentacion", "CapaPresentacion\CapaPresentacion.csproj", "{BF976E53-68D4-44B0-9484-23255124C685}"
EndProject
Project("{FAE04EC0-301F-11D3-BF4B-00C04F79EFBC}") = "CapaNegocio", "CapaNegocio\CapaNegocio.csproj", "{D33C1279-9C24-4836-923F-9A2E55954A9D}"
EndProject
Project("{FAE04EC0-301F-11D3-BF4B-00C04F79EFBC}") = "CapaDatos", "CapaAccesoDatos\CapaDatos.csproj", "{A85CD9B1-A21C-4276-BC2A-F54BE260B32B}"
EndProject
Global
	GlobalSection(SolutionConfigurationPlatforms) = preSolution
		Debug|Any CPU = Debug|Any CPU
		Release|Any CPU = Release|Any CPU
	EndGlobalSection
	GlobalSection(ProjectConfigurationPlatforms) = postSolution
		{1684CA50-C181-4396-B92C-9A6098798DCD}.Debug|Any CPU.ActiveCfg = Debug|Any CPU
		{1684CA50-C181-4396-B92C-9A6098798DCD}.Debug|Any CPU.Build.0 = Debug|Any CPU
		{1684CA50-C181-4396-B92C-9A6098798DCD}.Release|Any CPU.ActiveCfg = Release|Any CPU
		{1684CA50-C181-4396-B92C-9A6098798DCD}.Release|Any CPU.Build.0 = Release|Any CPU
		{BF976E53-68D4-44B0-9484-23255124C685}.Debug|Any CPU.ActiveCfg = Debug|Any CPU
		{BF976E53-68D4-44B0-9484-23255124C685}.Debug|Any CPU.Build.0 = Debug|Any CPU
		{BF976E53-68D4-44B0-9484-23255124C685}.Release|Any CPU.ActiveCfg = Release|Any CPU
		{BF976E53-68D4-44B0-9484-23255124C685}.Release|Any CPU.Build.0 = Release|Any CPU
		{D33C1279-9C24-4836-923F-9A2E55954A9D}.Debug|Any CPU.ActiveCfg = Debug|Any CPU
		{D33C1279-9C24-4836-923F-9A2E55954A9D}.Debug|Any CPU.Build.0 = Debug|Any CPU
		{D33C1279-9C24-4836-923F-9A2E55954A9D}.Release|Any CPU.ActiveCfg = Release|Any CPU
		{D33C1279-9C24-4836-923F-9A2E55954A9D}.Release|Any CPU.Build.0 = Release|Any CPU
		{A85CD9B1-A21C-4276-BC2A-F54BE260B32B}.Debug|Any CPU.ActiveCfg = Debug|Any CPU
		{A85CD9B1-A21C-4276-BC2A-F54BE260B32B}.Debug|Any CPU.Build.0 = Debug|Any CPU
		{A85CD9B1-A21C-4276-BC2A-F54BE260B32B}.Release|Any CPU.ActiveCfg = Release|Any CPU
		{A85CD9B1-A21C-4276-BC2A-F54BE260B32B}.Release|Any CPU.Build.0 = Release|Any CPU
	EndGlobalSection
	GlobalSection(SolutionProperties) = preSolution
		HideSolutionNode = FALSE
	EndGlobalSection
	GlobalSection(ExtensibilityGlobals) = postSolution
		SolutionGuid = {6B5FF1B0-EB44-48E1-9801-7D0F42710D9C}
	EndGlobalSection
EndGlobal
